{
    "name": "@spectrum-web-components/theme",
    "version": "0.8.7",
    "lockfileVersion": 1,
    "requires": true,
    "dependencies": {
        "@spectrum-web-components/base": {
            "version": "0.4.3",
            "resolved": "https://registry.npmjs.org/@spectrum-web-components/base/-/base-0.4.3.tgz",
            "integrity": "sha512-r0JwW81rRzPT5XcvhXE5vB1+X0zjWbDw81ChBDmFkXtMMQsprxic97d2N81UlUbE7cYqmQurFdBx5kKDt32IhA==",
            "requires": {
                "lit-element": "^2.4.0",
                "lit-html": "^1.0.0",
                "tslib": "^2.0.0"
            }
        },
        "@spectrum-web-components/styles": {
            "version": "0.9.6",
            "resolved": "https://registry.npmjs.org/@spectrum-web-components/styles/-/styles-0.9.6.tgz",
            "integrity": "sha512-nr+yCDPCRtcs3J7xIVdpYMri9278NX5h6vZuSYBDlnuFbhxXPHpB35lLShL9O/XZA6ZSAlKuepu4yD3ZzosvqA==",
            "requires": {
                "@spectrum-web-components/base": "^0.4.3"
            }
        },
        "lit-element": {
            "version": "2.5.1",
            "resolved": "https://registry.npmjs.org/lit-element/-/lit-element-2.5.1.tgz",
            "integrity": "sha512-ogu7PiJTA33bEK0xGu1dmaX5vhcRjBXCFexPja0e7P7jqLhTpNKYRPmE+GmiCaRVAbiQKGkUgkh/i6+bh++dPQ==",
            "requires": {
                "lit-html": "^1.1.1"
            }
        },
        "lit-html": {
            "version": "1.4.1",
            "resolved": "https://registry.npmjs.org/lit-html/-/lit-html-1.4.1.tgz",
            "integrity": "sha512-B9btcSgPYb1q4oSOb/PrOT6Z/H+r6xuNzfH4lFli/AWhYwdtrgQkQWBbIc6mdnf6E2IL3gDXdkkqNktpU0OZQA=="
        },
        "tslib": {
            "version": "2.2.0",
            "resolved": "https://registry.npmjs.org/tslib/-/tslib-2.2.0.tgz",
            "integrity": "sha512-gS9GVHRU+RGn5KQM2rllAlR3dU6m7AcpJKdtH8gFvQiC4Otgk98XnmMU+nZenHt/+VhnBPWwgrJsyrdcw6i23w=="
        }
    }
}
