{
    "name": "@spectrum-web-components/styles",
    "version": "0.9.6",
    "lockfileVersion": 1,
    "requires": true,
    "dependencies": {
        "@spectrum-css/commons": {
            "version": "3.0.2",
            "resolved": "https://registry.npmjs.org/@spectrum-css/commons/-/commons-3.0.2.tgz",
            "integrity": "sha512-OO8K5skuX9a0I0HYto5Ajc9xgehFfYRanSYWRR2oPisRStlP6JV340l4GSr3qUfYoYnuHFbrK5bJwA+CjxPjkw==",
            "dev": true
        },
        "@spectrum-css/typography": {
            "version": "3.0.2",
            "resolved": "https://registry.npmjs.org/@spectrum-css/typography/-/typography-3.0.2.tgz",
            "integrity": "sha512-5ZOLmQe0edzsDMyhghUd4hBb5uxGsFrxzf+WasfcUw9klSfTsRZ09n1BsaaWbgrLjlMQ+EEHS46v5VNo0Ms2CA==",
            "dev": true
        },
        "@spectrum-css/vars": {
            "version": "3.0.2",
            "resolved": "https://registry.npmjs.org/@spectrum-css/vars/-/vars-3.0.2.tgz",
            "integrity": "sha512-vzS9KqYXot4J3AEER/u618MXWAS+IoMvYMNrOoscKiLLKYQWenaueakUWulFonToPd/9vIpqtdbwxznqrK5qDw==",
            "dev": true
        },
        "@spectrum-web-components/base": {
            "version": "0.4.3",
            "resolved": "https://registry.npmjs.org/@spectrum-web-components/base/-/base-0.4.3.tgz",
            "integrity": "sha512-r0JwW81rRzPT5XcvhXE5vB1+X0zjWbDw81ChBDmFkXtMMQsprxic97d2N81UlUbE7cYqmQurFdBx5kKDt32IhA==",
            "requires": {
                "lit-element": "^2.4.0",
                "lit-html": "^1.0.0",
                "tslib": "^2.0.0"
            }
        },
        "lit-element": {
            "version": "2.5.1",
            "resolved": "https://registry.npmjs.org/lit-element/-/lit-element-2.5.1.tgz",
            "integrity": "sha512-ogu7PiJTA33bEK0xGu1dmaX5vhcRjBXCFexPja0e7P7jqLhTpNKYRPmE+GmiCaRVAbiQKGkUgkh/i6+bh++dPQ==",
            "requires": {
                "lit-html": "^1.1.1"
            }
        },
        "lit-html": {
            "version": "1.4.1",
            "resolved": "https://registry.npmjs.org/lit-html/-/lit-html-1.4.1.tgz",
            "integrity": "sha512-B9btcSgPYb1q4oSOb/PrOT6Z/H+r6xuNzfH4lFli/AWhYwdtrgQkQWBbIc6mdnf6E2IL3gDXdkkqNktpU0OZQA=="
        },
        "tslib": {
            "version": "2.2.0",
            "resolved": "https://registry.npmjs.org/tslib/-/tslib-2.2.0.tgz",
            "integrity": "sha512-gS9GVHRU+RGn5KQM2rllAlR3dU6m7AcpJKdtH8gFvQiC4Otgk98XnmMU+nZenHt/+VhnBPWwgrJsyrdcw6i23w=="
        }
    }
}
